{
  "name": "tiletanic-test",
  "version": "1.0.0",
  "lockfileVersion": 1,
  "requires": true,
  "dependencies": {
    "@mapbox/tile-cover": {
      "version": "3.0.2",
      "resolved": "https://registry.npmjs.org/@mapbox/tile-cover/-/tile-cover-3.0.2.tgz",
      "integrity": "sha1-4Qsbv+Ze4op/GgEn3raZY10PjXo=",
      "requires": {
        "@mapbox/tilebelt": "^1.0.1"
      }
    },
    "@mapbox/tilebelt": {
      "version": "1.0.1",
      "resolved": "https://registry.npmjs.org/@mapbox/tilebelt/-/tilebelt-1.0.1.tgz",
      "integrity": "sha1-1XocSlRF6Sja1yCoKDiaCmnbiBg="
    },
    "fs": {
      "version": "0.0.1-security",
      "resolved": "https://registry.npmjs.org/fs/-/fs-0.0.1-security.tgz",
      "integrity": "sha1-invTcYa23d84E/I4WLV+yq9eQdQ="
    }
  }
}
